
Microsoft Visual Studio Solution File, Format Version 12.00
# Visual Studio Version 16
VisualStudioVersion = 16.0.29209.62
MinimumVisualStudioVersion = 10.0.40219.1
Project("{9A19103F-16F7-4668-BE54-9A1E7A4F7556}") = "Serilog.Sinks.RavenDB", "src\Serilog.Sinks.RavenDB\Serilog.Sinks.RavenDB.csproj", "{5C4D8400-D2F0-42B7-9F51-41CAD2825E07}"
EndProject
Project("{FAE04EC0-301F-11D3-BF4B-00C04F79EFBC}") = "Serilog.Sinks.RavenDB.Tests", "test\Serilog.Sinks.RavenDB.Tests\Serilog.Sinks.RavenDB.Tests.csproj", "{9B916599-5BD8-4649-BE14-4C4FAFEB07C8}"
EndProject
Global
	GlobalSection(SolutionConfigurationPlatforms) = preSolution
		Debug|Any CPU = Debug|Any CPU
		Release|Any CPU = Release|Any CPU
	EndGlobalSection
	GlobalSection(ProjectConfigurationPlatforms) = postSolution
		{5C4D8400-D2F0-42B7-9F51-41CAD2825E07}.Debug|Any CPU.ActiveCfg = Debug|Any CPU
		{5C4D8400-D2F0-42B7-9F51-41CAD2825E07}.Debug|Any CPU.Build.0 = Debug|Any CPU
		{5C4D8400-D2F0-42B7-9F51-41CAD2825E07}.Release|Any CPU.ActiveCfg = Release|Any CPU
		{5C4D8400-D2F0-42B7-9F51-41CAD2825E07}.Release|Any CPU.Build.0 = Release|Any CPU
		{9B916599-5BD8-4649-BE14-4C4FAFEB07C8}.Debug|Any CPU.ActiveCfg = Debug|Any CPU
		{9B916599-5BD8-4649-BE14-4C4FAFEB07C8}.Debug|Any CPU.Build.0 = Debug|Any CPU
		{9B916599-5BD8-4649-BE14-4C4FAFEB07C8}.Release|Any CPU.ActiveCfg = Release|Any CPU
		{9B916599-5BD8-4649-BE14-4C4FAFEB07C8}.Release|Any CPU.Build.0 = Release|Any CPU
	EndGlobalSection
	GlobalSection(SolutionProperties) = preSolution
		HideSolutionNode = FALSE
	EndGlobalSection
	GlobalSection(ExtensibilityGlobals) = postSolution
		SolutionGuid = {E337C475-D46D-4898-8E5C-9E2ADA7D23D9}
	EndGlobalSection
EndGlobal
